{
  "name": "is-is-even",
  "version": "1.0.0",
  "lockfileVersion": 2,
  "requires": true,
  "packages": {
    "": {
      "dependencies": {
        "is-is-even": "^1.0.0"
      }
    },
    "node_modules/is-buffer": {
      "version": "1.1.6",
      "resolved": "https://registry.npmjs.org/is-buffer/-/is-buffer-1.1.6.tgz",
      "integrity": "sha512-NcdALwpXkTm5Zvvbk7owOUSvVvBKDgKP5/ewfXEznmQFfs4ZRmanOeKBTjRVjka3QFoN6XJ+9F3USqfHqTaU5w=="
    },
    "node_modules/is-even": {
      "version": "1.0.0",
      "resolved": "https://registry.npmjs.org/is-even/-/is-even-1.0.0.tgz",
      "integrity": "sha1-drUFX7rY0pSoa2qUkBXhyXtxfAY=",
      "dependencies": {
        "is-odd": "^0.1.2"
      },
      "engines": {
        "node": ">=0.10.0"
      }
    },
    "node_modules/is-is-even": {
      "version": "1.0.0",
      "resolved": "https://registry.npmjs.org/is-is-even/-/is-is-even-1.0.0.tgz",
      "integrity": "sha512-Rh4YvzajN6ri3XUK/kUJbQ+WI4pfw57zjT7DedmQiq/yQGWoq5W02yTlq0G8rJDjU2edBHIkeB5Cb44vUNMYTg==",
      "dependencies": {
        "is-even": "^1.0.0"
      }
    },
    "node_modules/is-number": {
      "version": "3.0.0",
      "resolved": "https://registry.npmjs.org/is-number/-/is-number-3.0.0.tgz",
      "integrity": "sha1-JP1iAaR4LPUFYcgQJ2r8fRLXEZU=",
      "dependencies": {
        "kind-of": "^3.0.2"
      },
      "engines": {
        "node": ">=0.10.0"
      }
    },
    "node_modules/is-odd": {
      "version": "0.1.2",
      "resolved": "https://registry.npmjs.org/is-odd/-/is-odd-0.1.2.tgz",
      "integrity": "sha1-vFc7XONx7yqtbm9JeZtyvvE5eKc=",
      "dependencies": {
        "is-number": "^3.0.0"
      },
      "engines": {
        "node": ">=0.10.0"
      }
    },
    "node_modules/kind-of": {
      "version": "3.2.2",
      "resolved": "https://registry.npmjs.org/kind-of/-/kind-of-3.2.2.tgz",
      "integrity": "sha1-MeohpzS6ubuw8yRm2JOupR5KPGQ=",
      "dependencies": {
        "is-buffer": "^1.1.5"
      },
      "engines": {
        "node": ">=0.10.0"
      }
    }
  },
  "dependencies": {
    "is-buffer": {
      "version": "1.1.6",
      "resolved": "https://registry.npmjs.org/is-buffer/-/is-buffer-1.1.6.tgz",
      "integrity": "sha512-NcdALwpXkTm5Zvvbk7owOUSvVvBKDgKP5/ewfXEznmQFfs4ZRmanOeKBTjRVjka3QFoN6XJ+9F3USqfHqTaU5w=="
    },
    "is-even": {
      "version": "1.0.0",
      "resolved": "https://registry.npmjs.org/is-even/-/is-even-1.0.0.tgz",
      "integrity": "sha1-drUFX7rY0pSoa2qUkBXhyXtxfAY=",
      "requires": {
        "is-odd": "^0.1.2"
      }
    },
    "is-is-even": {
      "version": "1.0.0",
      "resolved": "https://registry.npmjs.org/is-is-even/-/is-is-even-1.0.0.tgz",
      "integrity": "sha512-Rh4YvzajN6ri3XUK/kUJbQ+WI4pfw57zjT7DedmQiq/yQGWoq5W02yTlq0G8rJDjU2edBHIkeB5Cb44vUNMYTg==",
      "requires": {
        "is-even": "^1.0.0"
      }
    },
    "is-number": {
      "version": "3.0.0",
      "resolved": "https://registry.npmjs.org/is-number/-/is-number-3.0.0.tgz",
      "integrity": "sha1-JP1iAaR4LPUFYcgQJ2r8fRLXEZU=",
      "requires": {
        "kind-of": "^3.0.2"
      }
    },
    "is-odd": {
      "version": "0.1.2",
      "resolved": "https://registry.npmjs.org/is-odd/-/is-odd-0.1.2.tgz",
      "integrity": "sha1-vFc7XONx7yqtbm9JeZtyvvE5eKc=",
      "requires": {
        "is-number": "^3.0.0"
      }
    },
    "kind-of": {
      "version": "3.2.2",
      "resolved": "https://registry.npmjs.org/kind-of/-/kind-of-3.2.2.tgz",
      "integrity": "sha1-MeohpzS6ubuw8yRm2JOupR5KPGQ=",
      "requires": {
        "is-buffer": "^1.1.5"
      }
    }
  }
}
